
Microsoft Visual Studio Solution File, Format Version 12.00
# Visual Studio 15
VisualStudioVersion = 15.0.27004.2009
MinimumVisualStudioVersion = 10.0.40219.1
Project("{FAE04EC0-301F-11D3-BF4B-00C04F79EFBC}") = "DinnerBot", "DinnerBot\DinnerBot.csproj", "{486DB5DA-11F0-46AF-9ABF-4AC5F969271B}"
EndProject
Global
	GlobalSection(SolutionConfigurationPlatforms) = preSolution
		Debug|Any CPU = Debug|Any CPU
		Release|Any CPU = Release|Any CPU
	EndGlobalSection
	GlobalSection(ProjectConfigurationPlatforms) = postSolution
		{486DB5DA-11F0-46AF-9ABF-4AC5F969271B}.Debug|Any CPU.ActiveCfg = Debug|Any CPU
		{486DB5DA-11F0-46AF-9ABF-4AC5F969271B}.Debug|Any CPU.Build.0 = Debug|Any CPU
		{486DB5DA-11F0-46AF-9ABF-4AC5F969271B}.Release|Any CPU.ActiveCfg = Release|Any CPU
		{486DB5DA-11F0-46AF-9ABF-4AC5F969271B}.Release|Any CPU.Build.0 = Release|Any CPU
	EndGlobalSection
	GlobalSection(SolutionProperties) = preSolution
		HideSolutionNode = FALSE
	EndGlobalSection
	GlobalSection(ExtensibilityGlobals) = postSolution
		SolutionGuid = {5C376DFA-3480-415F-98A9-7F9450CD7024}
	EndGlobalSection
EndGlobal
